// !$*UTF8*$!
{
	archiveVersion = 1;
	classes = {
	};
	objectVersion = 90;
	objects = {

/* Begin PBXContainerItemProxy section */
		CCA0000000000000CCA0001A /* PBXContainerItemProxy */ = {
			isa = PBXContainerItemProxy;
			containerPortal = CCA0000000000000CCA00001 /* Project object */;
			proxyType = 1;
			remoteGlobalIDString = CCA0000000000000CCA00007;
			remoteInfo = CppCLITool;
		};
/* End PBXContainerItemProxy section */

/* Begin PBXFileReference section */
		CCA0000000000000CCA0000E /* CppCLITool */ = {isa = PBXFileReference; explicitFileType = "compiled.mach-o.executable"; includeInIndex = 0; path = CppCLITool; sourceTree = BUILT_PRODUCTS_DIR; };
		CCA0000000000000CCA00017 /* CppCLIToolTests.xctest */ = {isa = PBXFileReference; explicitFileType = wrapper.cfbundle; includeInIndex = 0; path = CppCLIToolTests.xctest; sourceTree = BUILT_PRODUCTS_DIR; };
		CCA0000000000000CCA0001B /* LICENSE.markdown */ = {isa = PBXFileReference; lastKnownFileType = net.daringfireball.markdown; path = LICENSE.markdown; sourceTree = "<group>"; };
		CCA0000000000000CCA0001C /* README.markdown */ = {isa = PBXFileReference; lastKnownFileType = net.daringfireball.markdown; path = README.markdown; sourceTree = "<group>"; };
/* End PBXFileReference section */

/* Begin PBXFileSystemSynchronizedRootGroup section */
		CCA0000000000000CCA0000F /* CppCLITool */ = {
			isa = PBXFileSystemSynchronizedRootGroup;
			path = CppCLITool;
			sourceTree = "<group>";
		};
		CCA0000000000000CCA00018 /* CppCLIToolTests */ = {
			isa = PBXFileSystemSynchronizedRootGroup;
			path = CppCLIToolTests;
			sourceTree = "<group>";
		};
/* End PBXFileSystemSynchronizedRootGroup section */

/* Begin PBXFrameworksBuildPhase section */
		CCA0000000000000CCA0000C /* Frameworks */ = {
			isa = PBXFrameworksBuildPhase;
			files = (
			);
		};
		CCA0000000000000CCA00015 /* Frameworks */ = {
			isa = PBXFrameworksBuildPhase;
			files = (
			);
		};
/* End PBXFrameworksBuildPhase section */

/* Begin PBXGroup section */
		CCA0000000000000CCA00005 = {
			isa = PBXGroup;
			children = (
				CCA0000000000000CCA0000F /* CppCLITool */,
				CCA0000000000000CCA00018 /* CppCLIToolTests */,
				CCA0000000000000CCA0001B /* LICENSE.markdown */,
				CCA0000000000000CCA0001C /* README.markdown */,
				CCA0000000000000CCA00006 /* Products */,
			);
			sourceTree = "<group>";
		};
		CCA0000000000000CCA00006 /* Products */ = {
			isa = PBXGroup;
			children = (
				CCA0000000000000CCA0000E /* CppCLITool */,
				CCA0000000000000CCA00017 /* CppCLIToolTests.xctest */,
			);
			name = Products;
			sourceTree = "<group>";
		};
/* End PBXGroup section */

/* Begin PBXNativeTarget section */
		CCA0000000000000CCA00007 /* CppCLITool */ = {
			isa = PBXNativeTarget;
			buildConfigurationList = CCA0000000000000CCA00008 /* Build configuration list for PBXNativeTarget "CppCLITool" */;
			buildPhases = (
				CCA0000000000000CCA0000B /* Sources */,
				CCA0000000000000CCA0000C /* Frameworks */,
				CCA0000000000000CCA0000D /* Resources */,
			);
			buildRules = (
			);
			fileSystemSynchronizedGroups = (
				CCA0000000000000CCA0000F /* CppCLITool */,
			);
			name = CppCLITool;
			productName = CppCLITool;
			productReference = CCA0000000000000CCA0000E /* CppCLITool */;
			productType = "com.apple.product-type.tool";
		};
		CCA0000000000000CCA00010 /* CppCLIToolTests */ = {
			isa = PBXNativeTarget;
			buildConfigurationList = CCA0000000000000CCA00011 /* Build configuration list for PBXNativeTarget "CppCLIToolTests" */;
			buildPhases = (
				CCA0000000000000CCA00014 /* Sources */,
				CCA0000000000000CCA00015 /* Frameworks */,
				CCA0000000000000CCA00016 /* Resources */,
			);
			buildRules = (
			);
			dependencies = (
				CCA0000000000000CCA00019 /* PBXTargetDependency */,
			);
			fileSystemSynchronizedGroups = (
				CCA0000000000000CCA00018 /* CppCLIToolTests */,
			);
			name = CppCLIToolTests;
			productName = CppCLIToolTests;
			productReference = CCA0000000000000CCA00017 /* CppCLIToolTests.xctest */;
			productType = "com.apple.product-type.bundle.unit-test";
		};
/* End PBXNativeTarget section */

/* Begin PBXProject section */
		CCA0000000000000CCA00001 /* Project object */ = {
			isa = PBXProject;
			attributes = {
				BuildIndependentTargetsInParallel = 1;
				LastUpgradeCheck = 2620;
				ORGANIZATIONNAME = CompanyName;
				TargetAttributes = {
					CCA0000000000000CCA00007 = {
						CreatedOnToolsVersion = 16.4;
					};
					CCA0000000000000CCA00010 = {
						CreatedOnToolsVersion = 16.4;
						TestTargetID = CCA0000000000000CCA00007;
					};
				};
			};
			buildConfigurationList = CCA0000000000000CCA00002 /* Build configuration list for PBXProject "CppCLITool" */;
			developmentRegion = en;
			hasScannedForEncodings = 0;
			knownRegions = (
				en,
				Base,
			);
			mainGroup = CCA0000000000000CCA00005;
			minimizedProjectReferenceProxies = 1;
			preferredProjectObjectVersion = 90;
			productRefGroup = CCA0000000000000CCA00006 /* Products */;
			projectDirPath = "";
			projectRoot = "";
			targets = (
				CCA0000000000000CCA00007 /* CppCLITool */,
				CCA0000000000000CCA00010 /* CppCLIToolTests */,
			);
		};
/* End PBXProject section */

/* Begin PBXResourcesBuildPhase section */
		CCA0000000000000CCA0000D /* Resources */ = {
			isa = PBXResourcesBuildPhase;
			files = (
			);
		};
		CCA0000000000000CCA00016 /* Resources */ = {
			isa = PBXResourcesBuildPhase;
			files = (
			);
		};
/* End PBXResourcesBuildPhase section */

/* Begin PBXSourcesBuildPhase section */
		CCA0000000000000CCA0000B /* Sources */ = {
			isa = PBXSourcesBuildPhase;
			files = (
			);
		};
		CCA0000000000000CCA00014 /* Sources */ = {
			isa = PBXSourcesBuildPhase;
			files = (
			);
		};
/* End PBXSourcesBuildPhase section */

/* Begin PBXTargetDependency section */
		CCA0000000000000CCA00019 /* PBXTargetDependency */ = {
			isa = PBXTargetDependency;
			target = CCA0000000000000CCA00007 /* CppCLITool */;
			targetProxy = CCA0000000000000CCA0001A /* PBXContainerItemProxy */;
		};
/* End PBXTargetDependency section */

/* Begin XCBuildConfiguration section */
		CCA0000000000000CCA00003 /* Debug configuration for PBXProject "CppCLITool" */ = {
			isa = XCBuildConfiguration;
			buildSettings = {
				ALWAYS_SEARCH_USER_PATHS = NO;
				CLANG_ANALYZER_NONNULL = YES;
				CLANG_ANALYZER_NUMBER_OBJECT_CONVERSION = YES_AGGRESSIVE;
				CLANG_CXX_LANGUAGE_STANDARD = "gnu++20";
				CLANG_CXX_LIBRARY = "libc++";
				CLANG_ENABLE_MODULES = YES;
				CLANG_ENABLE_OBJC_ARC = YES;
				CLANG_ENABLE_OBJC_WEAK = YES;
				CLANG_WARN_BLOCK_CAPTURE_AUTORELEASING = YES;
				CLANG_WARN_BOOL_CONVERSION = YES;
				CLANG_WARN_COMMA = YES;
				CLANG_WARN_CONSTANT_CONVERSION = YES;
				CLANG_WARN_DEPRECATED_OBJC_IMPLEMENTATIONS = YES;
				CLANG_WARN_DIRECT_OBJC_ISA_USAGE = YES_ERROR;
				CLANG_WARN_DOCUMENTATION_COMMENTS = YES;
				CLANG_WARN_EMPTY_BODY = YES;
				CLANG_WARN_ENUM_CONVERSION = YES;
				CLANG_WARN_INFINITE_RECURSION = YES;
				CLANG_WARN_INT_CONVERSION = YES;
				CLANG_WARN_NON_LITERAL_NULL_CONVERSION = YES;
				CLANG_WARN_OBJC_IMPLICIT_RETAIN_SELF = YES;
				CLANG_WARN_OBJC_LITERAL_CONVERSION = YES;
				CLANG_WARN_OBJC_ROOT_CLASS = YES_ERROR;
				CLANG_WARN_QUOTED_INCLUDE_IN_FRAMEWORK_HEADER = YES;
				CLANG_WARN_RANGE_LOOP_ANALYSIS = YES;
				CLANG_WARN_STRICT_PROTOTYPES = YES;
				CLANG_WARN_SUSPICIOUS_MOVE = YES;
				CLANG_WARN_UNGUARDED_AVAILABILITY = YES_AGGRESSIVE;
				CLANG_WARN_UNREACHABLE_CODE = YES;
				CLANG_WARN__DUPLICATE_METHOD_MATCH = YES;
				COPY_PHASE_STRIP = NO;
				DEAD_CODE_STRIPPING = YES;
				DEBUG_INFORMATION_FORMAT = dwarf;
				DEVELOPMENT_TEAM = H46K66JBHS;
				ENABLE_STRICT_OBJC_MSGSEND = YES;
				ENABLE_TESTABILITY = YES;
				ENABLE_USER_SCRIPT_SANDBOXING = YES;
				GCC_C_LANGUAGE_STANDARD = gnu17;
				GCC_DYNAMIC_NO_PIC = NO;
				GCC_NO_COMMON_BLOCKS = YES;
				GCC_OPTIMIZATION_LEVEL = 0;
				GCC_PREPROCESSOR_DEFINITIONS = (
					"DEBUG=1",
					"$(inherited)",
				);
				GCC_WARN_64_TO_32_BIT_CONVERSION = YES;
				GCC_WARN_ABOUT_RETURN_TYPE = YES_ERROR;
				GCC_WARN_UNDECLARED_SELECTOR = YES;
				GCC_WARN_UNINITIALIZED_AUTOS = YES_AGGRESSIVE;
				GCC_WARN_UNUSED_FUNCTION = YES;
				GCC_WARN_UNUSED_VARIABLE = YES;
				MACOSX_DEPLOYMENT_TARGET = 15.5;
				ONLY_ACTIVE_ARCH = YES;
				SDKROOT = macosx;
			};
			name = Debug;
		};
		CCA0000000000000CCA00004 /* Release configuration for PBXProject "CppCLITool" */ = {
			isa = XCBuildConfiguration;
			buildSettings = {
				ALWAYS_SEARCH_USER_PATHS = NO;
				CLANG_ANALYZER_NONNULL = YES;
				CLANG_ANALYZER_NUMBER_OBJECT_CONVERSION = YES_AGGRESSIVE;
				CLANG_CXX_LANGUAGE_STANDARD = "gnu++20";
				CLANG_CXX_LIBRARY = "libc++";
				CLANG_ENABLE_MODULES = YES;
				CLANG_ENABLE_OBJC_ARC = YES;
				CLANG_ENABLE_OBJC_WEAK = YES;
				CLANG_WARN_BLOCK_CAPTURE_AUTORELEASING = YES;
				CLANG_WARN_BOOL_CONVERSION = YES;
				CLANG_WARN_COMMA = YES;
				CLANG_WARN_CONSTANT_CONVERSION = YES;
				CLANG_WARN_DEPRECATED_OBJC_IMPLEMENTATIONS = YES;
				CLANG_WARN_DIRECT_OBJC_ISA_USAGE = YES_ERROR;
				CLANG_WARN_DOCUMENTATION_COMMENTS = YES;
				CLANG_WARN_EMPTY_BODY = YES;
				CLANG_WARN_ENUM_CONVERSION = YES;
				CLANG_WARN_INFINITE_RECURSION = YES;
				CLANG_WARN_INT_CONVERSION = YES;
				CLANG_WARN_NON_LITERAL_NULL_CONVERSION = YES;
				CLANG_WARN_OBJC_IMPLICIT_RETAIN_SELF = YES;
				CLANG_WARN_OBJC_LITERAL_CONVERSION = YES;
				CLANG_WARN_OBJC_ROOT_CLASS = YES_ERROR;
				CLANG_WARN_QUOTED_INCLUDE_IN_FRAMEWORK_HEADER = YES;
				CLANG_WARN_RANGE_LOOP_ANALYSIS = YES;
				CLANG_WARN_STRICT_PROTOTYPES = YES;
				CLANG_WARN_SUSPICIOUS_MOVE = YES;
				CLANG_WARN_UNGUARDED_AVAILABILITY = YES_AGGRESSIVE;
				CLANG_WARN_UNREACHABLE_CODE = YES;
				CLANG_WARN__DUPLICATE_METHOD_MATCH = YES;
				COPY_PHASE_STRIP = NO;
				DEAD_CODE_STRIPPING = YES;
				DEBUG_INFORMATION_FORMAT = "dwarf-with-dsym";
				DEVELOPMENT_TEAM = H46K66JBHS;
				ENABLE_NS_ASSERTIONS = NO;
				ENABLE_STRICT_OBJC_MSGSEND = YES;
				ENABLE_USER_SCRIPT_SANDBOXING = YES;
				GCC_C_LANGUAGE_STANDARD = gnu17;
				GCC_NO_COMMON_BLOCKS = YES;
				GCC_WARN_64_TO_32_BIT_CONVERSION = YES;
				GCC_WARN_ABOUT_RETURN_TYPE = YES_ERROR;
				GCC_WARN_UNDECLARED_SELECTOR = YES;
				GCC_WARN_UNINITIALIZED_AUTOS = YES_AGGRESSIVE;
				GCC_WARN_UNUSED_FUNCTION = YES;
				GCC_WARN_UNUSED_VARIABLE = YES;
				MACOSX_DEPLOYMENT_TARGET = 15.5;
				SDKROOT = macosx;
			};
			name = Release;
		};
		CCA0000000000000CCA00009 /* Debug configuration for PBXNativeTarget "CppCLITool" */ = {
			isa = XCBuildConfiguration;
			buildSettings = {
				CODE_SIGN_STYLE = Automatic;
				CURRENT_PROJECT_VERSION = 1;
				DEAD_CODE_STRIPPING = YES;
				DEVELOPMENT_TEAM = H46K66JBHS;
				GENERATE_INFOPLIST_FILE = NO;
				MACH_O_TYPE = mh_execute;
				MACOSX_DEPLOYMENT_TARGET = 26.0;
				MARKETING_VERSION = 1.0;
				OTHER_CFLAGS = (
					"$(inherited)",
					"-fsanitize=address",
					"-fsanitize=undefined",
					"-fno-omit-frame-pointer",
				);
				OTHER_CPLUSPLUSFLAGS = (
					"$(inherited)",
					"-fsanitize=address",
					"-fsanitize=undefined",
					"-fno-omit-frame-pointer",
				);
				OTHER_LDFLAGS = (
					"$(inherited)",
					"-fsanitize=address",
					"-fsanitize=undefined",
				);
				PRODUCT_BUNDLE_IDENTIFIER = com.geedbla.CppCLITool;
				PRODUCT_NAME = "$(TARGET_NAME)";
			};
			name = Debug;
		};
		CCA0000000000000CCA0000A /* Release configuration for PBXNativeTarget "CppCLITool" */ = {
			isa = XCBuildConfiguration;
			buildSettings = {
				CODE_SIGN_STYLE = Automatic;
				CURRENT_PROJECT_VERSION = 1;
				DEAD_CODE_STRIPPING = YES;
				DEVELOPMENT_TEAM = H46K66JBHS;
				GENERATE_INFOPLIST_FILE = NO;
				MACH_O_TYPE = mh_execute;
				MACOSX_DEPLOYMENT_TARGET = 26.0;
				MARKETING_VERSION = 1.0;
				PRODUCT_BUNDLE_IDENTIFIER = com.geedbla.CppCLITool;
				PRODUCT_NAME = "$(TARGET_NAME)";
			};
			name = Release;
		};
		CCA0000000000000CCA00012 /* Debug configuration for PBXNativeTarget "CppCLIToolTests" */ = {
			isa = XCBuildConfiguration;
			buildSettings = {
				CODE_SIGN_STYLE = Automatic;
				CURRENT_PROJECT_VERSION = 1;
				DEAD_CODE_STRIPPING = YES;
				DEVELOPMENT_TEAM = H46K66JBHS;
				GENERATE_INFOPLIST_FILE = YES;
				HEADER_SEARCH_PATHS = (
					"$(inherited)",
					"$(SRCROOT)/CppCLITool",
				);
				MACOSX_DEPLOYMENT_TARGET = 26.0;
				MARKETING_VERSION = 1.0;
				PRODUCT_BUNDLE_IDENTIFIER = com.geedbla.CppCLIToolTests;
				PRODUCT_NAME = "$(TARGET_NAME)";
			};
			name = Debug;
		};
		CCA0000000000000CCA00013 /* Release configuration for PBXNativeTarget "CppCLIToolTests" */ = {
			isa = XCBuildConfiguration;
			buildSettings = {
				CODE_SIGN_STYLE = Automatic;
				CURRENT_PROJECT_VERSION = 1;
				DEAD_CODE_STRIPPING = YES;
				DEVELOPMENT_TEAM = H46K66JBHS;
				GENERATE_INFOPLIST_FILE = YES;
				HEADER_SEARCH_PATHS = (
					"$(inherited)",
					"$(SRCROOT)/CppCLITool",
				);
				MACOSX_DEPLOYMENT_TARGET = 26.0;
				MARKETING_VERSION = 1.0;
				PRODUCT_BUNDLE_IDENTIFIER = com.geedbla.CppCLIToolTests;
				PRODUCT_NAME = "$(TARGET_NAME)";
			};
			name = Release;
		};
/* End XCBuildConfiguration section */

/* Begin XCConfigurationList section */
		CCA0000000000000CCA00002 /* Build configuration list for PBXProject "CppCLITool" */ = {
			isa = XCConfigurationList;
			buildConfigurations = (
				CCA0000000000000CCA00003 /* Debug */,
				CCA0000000000000CCA00004 /* Release */,
			);
			defaultConfigurationIsVisible = 0;
			defaultConfigurationName = Release;
		};
		CCA0000000000000CCA00008 /* Build configuration list for PBXNativeTarget "CppCLITool" */ = {
			isa = XCConfigurationList;
			buildConfigurations = (
				CCA0000000000000CCA00009 /* Debug */,
				CCA0000000000000CCA0000A /* Release */,
			);
			defaultConfigurationIsVisible = 0;
			defaultConfigurationName = Release;
		};
		CCA0000000000000CCA00011 /* Build configuration list for PBXNativeTarget "CppCLIToolTests" */ = {
			isa = XCConfigurationList;
			buildConfigurations = (
				CCA0000000000000CCA00012 /* Debug */,
				CCA0000000000000CCA00013 /* Release */,
			);
			defaultConfigurationIsVisible = 0;
			defaultConfigurationName = Release;
		};
/* End XCConfigurationList section */
	};
	rootObject = CCA0000000000000CCA00001 /* Project object */;
}
